# This file was autogenerated by Stack.
# You should not edit this file by hand.
# For more information, please see the documentation at:
#   https://docs.haskellstack.org/en/stable/lock_files

packages: []
snapshots:
- completed:
    sha256: 0e8821927af7615313e384b71d292e845a8f01a596f73b59f3d6295fa1f7dd1d
    size: 534950
    url: https://raw.githubusercontent.com/commercialhaskell/stackage-snapshots/master/nightly/2021/7/2.yaml
  original: nightly-2021-07-02
